// !$*UTF8*$!
{
	archiveVersion = 1;
	classes = {
	};
	objectVersion = 50;
	objects = {

/* Begin PBXBuildFile section */
		2230C98C214FDA4000375EC8 /* PosterCell.swift in Sources */ = {isa = PBXBuildFile; fileRef = 2230C98B214FDA4000375EC8 /* PosterCell.swift */; };
		2230C98E214FDE3D00375EC8 /* SuperheroViewController.swift in Sources */ = {isa = PBXBuildFile; fileRef = 2230C98D214FDE3D00375EC8 /* SuperheroViewController.swift */; };
		22CC0B7E214EAEFC00706BDE /* NowPlayingViewController.swift in Sources */ = {isa = PBXBuildFile; fileRef = 22CC0B7D214EAEFC00706BDE /* NowPlayingViewController.swift */; };
		22F3761C2150879A00CA90B2 /* DetailViewController.swift in Sources */ = {isa = PBXBuildFile; fileRef = 22F3761B2150879A00CA90B2 /* DetailViewController.swift */; };
		22F50E0B214E8F7E00B10945 /* AppDelegate.swift in Sources */ = {isa = PBXBuildFile; fileRef = 22F50E0A214E8F7E00B10945 /* AppDelegate.swift */; };
		22F50E10214E8F7F00B10945 /* Main.storyboard in Resources */ = {isa = PBXBuildFile; fileRef = 22F50E0E214E8F7F00B10945 /* Main.storyboard */; };
		22F50E12214E8F8000B10945 /* Assets.xcassets in Resources */ = {isa = PBXBuildFile; fileRef = 22F50E11214E8F8000B10945 /* Assets.xcassets */; };
		22F50E15214E8F8000B10945 /* LaunchScreen.storyboard in Resources */ = {isa = PBXBuildFile; fileRef = 22F50E13214E8F8000B10945 /* LaunchScreen.storyboard */; };
		22F52A56214ED2630067E562 /* MovieCell.swift in Sources */ = {isa = PBXBuildFile; fileRef = 22F52A55214ED2630067E562 /* MovieCell.swift */; };
		A39A25BAD1308F32EB659C29 /* Pods_flix_app.framework in Frameworks */ = {isa = PBXBuildFile; fileRef = 2D1566D703A6B42C1C43A74C /* Pods_flix_app.framework */; };
/* End PBXBuildFile section */

/* Begin PBXFileReference section */
		2230C98B214FDA4000375EC8 /* PosterCell.swift */ = {isa = PBXFileReference; lastKnownFileType = sourcecode.swift; path = PosterCell.swift; sourceTree = "<group>"; };
		2230C98D214FDE3D00375EC8 /* SuperheroViewController.swift */ = {isa = PBXFileReference; lastKnownFileType = sourcecode.swift; path = SuperheroViewController.swift; sourceTree = "<group>"; };
		22CC0B7D214EAEFC00706BDE /* NowPlayingViewController.swift */ = {isa = PBXFileReference; lastKnownFileType = sourcecode.swift; path = NowPlayingViewController.swift; sourceTree = "<group>"; };
		22F3761B2150879A00CA90B2 /* DetailViewController.swift */ = {isa = PBXFileReference; lastKnownFileType = sourcecode.swift; path = DetailViewController.swift; sourceTree = "<group>"; };
		22F50E07214E8F7E00B10945 /* flix_app.app */ = {isa = PBXFileReference; explicitFileType = wrapper.application; includeInIndex = 0; path = flix_app.app; sourceTree = BUILT_PRODUCTS_DIR; };
		22F50E0A214E8F7E00B10945 /* AppDelegate.swift */ = {isa = PBXFileReference; lastKnownFileType = sourcecode.swift; path = AppDelegate.swift; sourceTree = "<group>"; };
		22F50E0F214E8F7F00B10945 /* Base */ = {isa = PBXFileReference; lastKnownFileType = file.storyboard; name = Base; path = Base.lproj/Main.storyboard; sourceTree = "<group>"; };
		22F50E11214E8F8000B10945 /* Assets.xcassets */ = {isa = PBXFileReference; lastKnownFileType = folder.assetcatalog; path = Assets.xcassets; sourceTree = "<group>"; };
		22F50E14214E8F8000B10945 /* Base */ = {isa = PBXFileReference; lastKnownFileType = file.storyboard; name = Base; path = Base.lproj/LaunchScreen.storyboard; sourceTree = "<group>"; };
		22F50E16214E8F8000B10945 /* Info.plist */ = {isa = PBXFileReference; lastKnownFileType = text.plist.xml; path = Info.plist; sourceTree = "<group>"; };
		22F52A55214ED2630067E562 /* MovieCell.swift */ = {isa = PBXFileReference; lastKnownFileType = sourcecode.swift; path = MovieCell.swift; sourceTree = "<group>"; };
		2D1566D703A6B42C1C43A74C /* Pods_flix_app.framework */ = {isa = PBXFileReference; explicitFileType = wrapper.framework; includeInIndex = 0; path = Pods_flix_app.framework; sourceTree = BUILT_PRODUCTS_DIR; };
		8C246357ADAE10B46331B243 /* Pods-flix_app.debug.xcconfig */ = {isa = PBXFileReference; includeInIndex = 1; lastKnownFileType = text.xcconfig; name = "Pods-flix_app.debug.xcconfig"; path = "Pods/Target Support Files/Pods-flix_app/Pods-flix_app.debug.xcconfig"; sourceTree = "<group>"; };
		B81FC6CAF5A7A1B6CC2C932C /* Pods-flix_app.release.xcconfig */ = {isa = PBXFileReference; includeInIndex = 1; lastKnownFileType = text.xcconfig; name = "Pods-flix_app.release.xcconfig"; path = "Pods/Target Support Files/Pods-flix_app/Pods-flix_app.release.xcconfig"; sourceTree = "<group>"; };
/* End PBXFileReference section */

/* Begin PBXFrameworksBuildPhase section */
		22F50E04214E8F7E00B10945 /* Frameworks */ = {
			isa = PBXFrameworksBuildPhase;
			buildActionMask = 2147483647;
			files = (
				A39A25BAD1308F32EB659C29 /* Pods_flix_app.framework in Frameworks */,
			);
			runOnlyForDeploymentPostprocessing = 0;
		};
/* End PBXFrameworksBuildPhase section */

/* Begin PBXGroup section */
		2230C989214FD97400375EC8 /* Views */ = {
			isa = PBXGroup;
			children = (
				22F52A55214ED2630067E562 /* MovieCell.swift */,
				2230C98B214FDA4000375EC8 /* PosterCell.swift */,
			);
			path = Views;
			sourceTree = "<group>";
		};
		2230C98A214FD9A500375EC8 /* ViewControllers */ = {
			isa = PBXGroup;
			children = (
				22CC0B7D214EAEFC00706BDE /* NowPlayingViewController.swift */,
				2230C98D214FDE3D00375EC8 /* SuperheroViewController.swift */,
				22F3761B2150879A00CA90B2 /* DetailViewController.swift */,
			);
			path = ViewControllers;
			sourceTree = "<group>";
		};
		22F50DFE214E8F7E00B10945 = {
			isa = PBXGroup;
			children = (
				22F50E09214E8F7E00B10945 /* flix_app */,
				22F50E08214E8F7E00B10945 /* Products */,
				5D155EC8EDB9C955DACD26AF /* Pods */,
				53218CC48B145FA3E457A265 /* Frameworks */,
			);
			sourceTree = "<group>";
		};
		22F50E08214E8F7E00B10945 /* Products */ = {
			isa = PBXGroup;
			children = (
				22F50E07214E8F7E00B10945 /* flix_app.app */,
			);
			name = Products;
			sourceTree = "<group>";
		};
		22F50E09214E8F7E00B10945 /* flix_app */ = {
			isa = PBXGroup;
			children = (
				2230C989214FD97400375EC8 /* Views */,
				2230C98A214FD9A500375EC8 /* ViewControllers */,
				22F50E0A214E8F7E00B10945 /* AppDelegate.swift */,
				22F50E0E214E8F7F00B10945 /* Main.storyboard */,
				22F50E11214E8F8000B10945 /* Assets.xcassets */,
				22F50E13214E8F8000B10945 /* LaunchScreen.storyboard */,
				22F50E16214E8F8000B10945 /* Info.plist */,
			);
			path = flix_app;
			sourceTree = "<group>";
		};
		53218CC48B145FA3E457A265 /* Frameworks */ = {
			isa = PBXGroup;
			children = (
				2D1566D703A6B42C1C43A74C /* Pods_flix_app.framework */,
			);
			name = Frameworks;
			sourceTree = "<group>";
		};
		5D155EC8EDB9C955DACD26AF /* Pods */ = {
			isa = PBXGroup;
			children = (
				8C246357ADAE10B46331B243 /* Pods-flix_app.debug.xcconfig */,
				B81FC6CAF5A7A1B6CC2C932C /* Pods-flix_app.release.xcconfig */,
			);
			name = Pods;
			sourceTree = "<group>";
		};
/* End PBXGroup section */

/* Begin PBXNativeTarget section */
		22F50E06214E8F7E00B10945 /* flix_app */ = {
			isa = PBXNativeTarget;
			buildConfigurationList = 22F50E19214E8F8000B10945 /* Build configuration list for PBXNativeTarget "flix_app" */;
			buildPhases = (
				0461F44A8C03DC8E8CD350E1 /* [CP] Check Pods Manifest.lock */,
				22F50E03214E8F7E00B10945 /* Sources */,
				22F50E04214E8F7E00B10945 /* Frameworks */,
				22F50E05214E8F7E00B10945 /* Resources */,
				F2131FA6BF5EFA2FA6222379 /* [CP] Embed Pods Frameworks */,
			);
			buildRules = (
			);
			dependencies = (
			);
			name = flix_app;
			productName = flix_app;
			productReference = 22F50E07214E8F7E00B10945 /* flix_app.app */;
			productType = "com.apple.product-type.application";
		};
/* End PBXNativeTarget section */

/* Begin PBXProject section */
		22F50DFF214E8F7E00B10945 /* Project object */ = {
			isa = PBXProject;
			attributes = {
				LastSwiftUpdateCheck = 0940;
				LastUpgradeCheck = 0940;
				ORGANIZATIONNAME = kairi;
				TargetAttributes = {
					22F50E06214E8F7E00B10945 = {
						CreatedOnToolsVersion = 9.4.1;
					};
				};
			};
			buildConfigurationList = 22F50E02214E8F7E00B10945 /* Build configuration list for PBXProject "flix_app" */;
			compatibilityVersion = "Xcode 9.3";
			developmentRegion = en;
			hasScannedForEncodings = 0;
			knownRegions = (
				en,
				Base,
			);
			mainGroup = 22F50DFE214E8F7E00B10945;
			productRefGroup = 22F50E08214E8F7E00B10945 /* Products */;
			projectDirPath = "";
			projectRoot = "";
			targets = (
				22F50E06214E8F7E00B10945 /* flix_app */,
			);
		};
/* End PBXProject section */

/* Begin PBXResourcesBuildPhase section */
		22F50E05214E8F7E00B10945 /* Resources */ = {
			isa = PBXResourcesBuildPhase;
			buildActionMask = 2147483647;
			files = (
				22F50E15214E8F8000B10945 /* LaunchScreen.storyboard in Resources */,
				22F50E12214E8F8000B10945 /* Assets.xcassets in Resources */,
				22F50E10214E8F7F00B10945 /* Main.storyboard in Resources */,
			);
			runOnlyForDeploymentPostprocessing = 0;
		};
/* End PBXResourcesBuildPhase section */

/* Begin PBXShellScriptBuildPhase section */
		0461F44A8C03DC8E8CD350E1 /* [CP] Check Pods Manifest.lock */ = {
			isa = PBXShellScriptBuildPhase;
			buildActionMask = 2147483647;
			files = (
			);
			inputPaths = (
				"${PODS_PODFILE_DIR_PATH}/Podfile.lock",
				"${PODS_ROOT}/Manifest.lock",
			);
			name = "[CP] Check Pods Manifest.lock";
			outputPaths = (
				"$(DERIVED_FILE_DIR)/Pods-flix_app-checkManifestLockResult.txt",
			);
			runOnlyForDeploymentPostprocessing = 0;
			shellPath = /bin/sh;
			shellScript = "diff \"${PODS_PODFILE_DIR_PATH}/Podfile.lock\" \"${PODS_ROOT}/Manifest.lock\" > /dev/null\nif [ $? != 0 ] ; then\n    # print error to STDERR\n    echo \"error: The sandbox is not in sync with the Podfile.lock. Run 'pod install' or update your CocoaPods installation.\" >&2\n    exit 1\nfi\n# This output is used by Xcode 'outputs' to avoid re-running this script phase.\necho \"SUCCESS\" > \"${SCRIPT_OUTPUT_FILE_0}\"\n";
			showEnvVarsInLog = 0;
		};
		F2131FA6BF5EFA2FA6222379 /* [CP] Embed Pods Frameworks */ = {
			isa = PBXShellScriptBuildPhase;
			buildActionMask = 2147483647;
			files = (
			);
			inputPaths = (
				"${SRCROOT}/Pods/Target Support Files/Pods-flix_app/Pods-flix_app-frameworks.sh",
				"${BUILT_PRODUCTS_DIR}/Alamofire/Alamofire.framework",
				"${BUILT_PRODUCTS_DIR}/AlamofireImage/AlamofireImage.framework",
			);
			name = "[CP] Embed Pods Frameworks";
			outputPaths = (
				"${TARGET_BUILD_DIR}/${FRAMEWORKS_FOLDER_PATH}/Alamofire.framework",
				"${TARGET_BUILD_DIR}/${FRAMEWORKS_FOLDER_PATH}/AlamofireImage.framework",
			);
			runOnlyForDeploymentPostprocessing = 0;
			shellPath = /bin/sh;
			shellScript = "\"${SRCROOT}/Pods/Target Support Files/Pods-flix_app/Pods-flix_app-frameworks.sh\"\n";
			showEnvVarsInLog = 0;
		};
/* End PBXShellScriptBuildPhase section */

/* Begin PBXSourcesBuildPhase section */
		22F50E03214E8F7E00B10945 /* Sources */ = {
			isa = PBXSourcesBuildPhase;
			buildActionMask = 2147483647;
			files = (
				2230C98E214FDE3D00375EC8 /* SuperheroViewController.swift in Sources */,
				2230C98C214FDA4000375EC8 /* PosterCell.swift in Sources */,
				22CC0B7E214EAEFC00706BDE /* NowPlayingViewController.swift in Sources */,
				22F3761C2150879A00CA90B2 /* DetailViewController.swift in Sources */,
				22F50E0B214E8F7E00B10945 /* AppDelegate.swift in Sources */,
				22F52A56214ED2630067E562 /* MovieCell.swift in Sources */,
			);
			runOnlyForDeploymentPostprocessing = 0;
		};
/* End PBXSourcesBuildPhase section */

/* Begin PBXVariantGroup section */
		22F50E0E214E8F7F00B10945 /* Main.storyboard */ = {
			isa = PBXVariantGroup;
			children = (
				22F50E0F214E8F7F00B10945 /* Base */,
			);
			name = Main.storyboard;
			sourceTree = "<group>";
		};
		22F50E13214E8F8000B10945 /* LaunchScreen.storyboard */ = {
			isa = PBXVariantGroup;
			children = (
				22F50E14214E8F8000B10945 /* Base */,
			);
			name = LaunchScreen.storyboard;
			sourceTree = "<group>";
		};
/* End PBXVariantGroup section */

/* Begin XCBuildConfiguration section */
		22F50E17214E8F8000B10945 /* Debug */ = {
			isa = XCBuildConfiguration;
			buildSettings = {
				ALWAYS_SEARCH_USER_PATHS = NO;
				CLANG_ANALYZER_NONNULL = YES;
				CLANG_ANALYZER_NUMBER_OBJECT_CONVERSION = YES_AGGRESSIVE;
				CLANG_CXX_LANGUAGE_STANDARD = "gnu++14";
				CLANG_CXX_LIBRARY = "libc++";
				CLANG_ENABLE_MODULES = YES;
				CLANG_ENABLE_OBJC_ARC = YES;
				CLANG_ENABLE_OBJC_WEAK = YES;
				CLANG_WARN_BLOCK_CAPTURE_AUTORELEASING = YES;
				CLANG_WARN_BOOL_CONVERSION = YES;
				CLANG_WARN_COMMA = YES;
				CLANG_WARN_CONSTANT_CONVERSION = YES;
				CLANG_WARN_DEPRECATED_OBJC_IMPLEMENTATIONS = YES;
				CLANG_WARN_DIRECT_OBJC_ISA_USAGE = YES_ERROR;
				CLANG_WARN_DOCUMENTATION_COMMENTS = YES;
				CLANG_WARN_EMPTY_BODY = YES;
				CLANG_WARN_ENUM_CONVERSION = YES;
				CLANG_WARN_INFINITE_RECURSION = YES;
				CLANG_WARN_INT_CONVERSION = YES;
				CLANG_WARN_NON_LITERAL_NULL_CONVERSION = YES;
				CLANG_WARN_OBJC_IMPLICIT_RETAIN_SELF = YES;
				CLANG_WARN_OBJC_LITERAL_CONVERSION = YES;
				CLANG_WARN_OBJC_ROOT_CLASS = YES_ERROR;
				CLANG_WARN_RANGE_LOOP_ANALYSIS = YES;
				CLANG_WARN_STRICT_PROTOTYPES = YES;
				CLANG_WARN_SUSPICIOUS_MOVE = YES;
				CLANG_WARN_UNGUARDED_AVAILABILITY = YES_AGGRESSIVE;
				CLANG_WARN_UNREACHABLE_CODE = YES;
				CLANG_WARN__DUPLICATE_METHOD_MATCH = YES;
				CODE_SIGN_IDENTITY = "iPhone Developer";
				COPY_PHASE_STRIP = NO;
				DEBUG_INFORMATION_FORMAT = dwarf;
				ENABLE_STRICT_OBJC_MSGSEND = YES;
				ENABLE_TESTABILITY = YES;
				GCC_C_LANGUAGE_STANDARD = gnu11;
				GCC_DYNAMIC_NO_PIC = NO;
				GCC_NO_COMMON_BLOCKS = YES;
				GCC_OPTIMIZATION_LEVEL = 0;
				GCC_PREPROCESSOR_DEFINITIONS = (
					"DEBUG=1",
					"$(inherited)",
				);
				GCC_WARN_64_TO_32_BIT_CONVERSION = YES;
				GCC_WARN_ABOUT_RETURN_TYPE = YES_ERROR;
				GCC_WARN_UNDECLARED_SELECTOR = YES;
				GCC_WARN_UNINITIALIZED_AUTOS = YES_AGGRESSIVE;
				GCC_WARN_UNUSED_FUNCTION = YES;
				GCC_WARN_UNUSED_VARIABLE = YES;
				IPHONEOS_DEPLOYMENT_TARGET = 11.4;
				MTL_ENABLE_DEBUG_INFO = YES;
				ONLY_ACTIVE_ARCH = YES;
				SDKROOT = iphoneos;
				SWIFT_ACTIVE_COMPILATION_CONDITIONS = DEBUG;
				SWIFT_OPTIMIZATION_LEVEL = "-Onone";
			};
			name = Debug;
		};
		22F50E18214E8F8000B10945 /* Release */ = {
			isa = XCBuildConfiguration;
			buildSettings = {
				ALWAYS_SEARCH_USER_PATHS = NO;
				CLANG_ANALYZER_NONNULL = YES;
				CLANG_ANALYZER_NUMBER_OBJECT_CONVERSION = YES_AGGRESSIVE;
				CLANG_CXX_LANGUAGE_STANDARD = "gnu++14";
				CLANG_CXX_LIBRARY = "libc++";
				CLANG_ENABLE_MODULES = YES;
				CLANG_ENABLE_OBJC_ARC = YES;
				CLANG_ENABLE_OBJC_WEAK = YES;
				CLANG_WARN_BLOCK_CAPTURE_AUTORELEASING = YES;
				CLANG_WARN_BOOL_CONVERSION = YES;
				CLANG_WARN_COMMA = YES;
				CLANG_WARN_CONSTANT_CONVERSION = YES;
				CLANG_WARN_DEPRECATED_OBJC_IMPLEMENTATIONS = YES;
				CLANG_WARN_DIRECT_OBJC_ISA_USAGE = YES_ERROR;
				CLANG_WARN_DOCUMENTATION_COMMENTS = YES;
				CLANG_WARN_EMPTY_BODY = YES;
				CLANG_WARN_ENUM_CONVERSION = YES;
				CLANG_WARN_INFINITE_RECURSION = YES;
				CLANG_WARN_INT_CONVERSION = YES;
				CLANG_WARN_NON_LITERAL_NULL_CONVERSION = YES;
				CLANG_WARN_OBJC_IMPLICIT_RETAIN_SELF = YES;
				CLANG_WARN_OBJC_LITERAL_CONVERSION = YES;
				CLANG_WARN_OBJC_ROOT_CLASS = YES_ERROR;
				CLANG_WARN_RANGE_LOOP_ANALYSIS = YES;
				CLANG_WARN_STRICT_PROTOTYPES = YES;
				CLANG_WARN_SUSPICIOUS_MOVE = YES;
				CLANG_WARN_UNGUARDED_AVAILABILITY = YES_AGGRESSIVE;
				CLANG_WARN_UNREACHABLE_CODE = YES;
				CLANG_WARN__DUPLICATE_METHOD_MATCH = YES;
				CODE_SIGN_IDENTITY = "iPhone Developer";
				COPY_PHASE_STRIP = NO;
				DEBUG_INFORMATION_FORMAT = "dwarf-with-dsym";
				ENABLE_NS_ASSERTIONS = NO;
				ENABLE_STRICT_OBJC_MSGSEND = YES;
				GCC_C_LANGUAGE_STANDARD = gnu11;
				GCC_NO_COMMON_BLOCKS = YES;
				GCC_WARN_64_TO_32_BIT_CONVERSION = YES;
				GCC_WARN_ABOUT_RETURN_TYPE = YES_ERROR;
				GCC_WARN_UNDECLARED_SELECTOR = YES;
				GCC_WARN_UNINITIALIZED_AUTOS = YES_AGGRESSIVE;
				GCC_WARN_UNUSED_FUNCTION = YES;
				GCC_WARN_UNUSED_VARIABLE = YES;
				IPHONEOS_DEPLOYMENT_TARGET = 11.4;
				MTL_ENABLE_DEBUG_INFO = NO;
				SDKROOT = iphoneos;
				SWIFT_COMPILATION_MODE = wholemodule;
				SWIFT_OPTIMIZATION_LEVEL = "-O";
				VALIDATE_PRODUCT = YES;
			};
			name = Release;
		};
		22F50E1A214E8F8000B10945 /* Debug */ = {
			isa = XCBuildConfiguration;
			baseConfigurationReference = 8C246357ADAE10B46331B243 /* Pods-flix_app.debug.xcconfig */;
			buildSettings = {
				ASSETCATALOG_COMPILER_APPICON_NAME = AppIcon;
				CODE_SIGN_STYLE = Automatic;
				DEVELOPMENT_TEAM = TB35NR7F7R;
				INFOPLIST_FILE = flix_app/Info.plist;
				LD_RUNPATH_SEARCH_PATHS = (
					"$(inherited)",
					"@executable_path/Frameworks",
				);
				PRODUCT_BUNDLE_IDENTIFIER = "com.codepath.flix-app";
				PRODUCT_NAME = "$(TARGET_NAME)";
				SWIFT_VERSION = 4.0;
				TARGETED_DEVICE_FAMILY = "1,2";
			};
			name = Debug;
		};
		22F50E1B214E8F8000B10945 /* Release */ = {
			isa = XCBuildConfiguration;
			baseConfigurationReference = B81FC6CAF5A7A1B6CC2C932C /* Pods-flix_app.release.xcconfig */;
			buildSettings = {
				ASSETCATALOG_COMPILER_APPICON_NAME = AppIcon;
				CODE_SIGN_STYLE = Automatic;
				DEVELOPMENT_TEAM = TB35NR7F7R;
				INFOPLIST_FILE = flix_app/Info.plist;
				LD_RUNPATH_SEARCH_PATHS = (
					"$(inherited)",
					"@executable_path/Frameworks",
				);
				PRODUCT_BUNDLE_IDENTIFIER = "com.codepath.flix-app";
				PRODUCT_NAME = "$(TARGET_NAME)";
				SWIFT_VERSION = 4.0;
				TARGETED_DEVICE_FAMILY = "1,2";
			};
			name = Release;
		};
/* End XCBuildConfiguration section */

/* Begin XCConfigurationList section */
		22F50E02214E8F7E00B10945 /* Build configuration list for PBXProject "flix_app" */ = {
			isa = XCConfigurationList;
			buildConfigurations = (
				22F50E17214E8F8000B10945 /* Debug */,
				22F50E18214E8F8000B10945 /* Release */,
			);
			defaultConfigurationIsVisible = 0;
			defaultConfigurationName = Release;
		};
		22F50E19214E8F8000B10945 /* Build configuration list for PBXNativeTarget "flix_app" */ = {
			isa = XCConfigurationList;
			buildConfigurations = (
				22F50E1A214E8F8000B10945 /* Debug */,
				22F50E1B214E8F8000B10945 /* Release */,
			);
			defaultConfigurationIsVisible = 0;
			defaultConfigurationName = Release;
		};
/* End XCConfigurationList section */
	};
	rootObject = 22F50DFF214E8F7E00B10945 /* Project object */;
}
